
Microsoft Visual Studio Solution File, Format Version 12.00
# Visual Studio Version 16
VisualStudioVersion = 16.0.31624.102
MinimumVisualStudioVersion = 10.0.40219.1
Project("{FAE04EC0-301F-11D3-BF4B-00C04F79EFBC}") = "Latian LKS 2", "Latian LKS 2.csproj", "{FD772AB7-094A-4732-8531-B7C1783BDA1C}"
EndProject
Global
	GlobalSection(SolutionConfigurationPlatforms) = preSolution
		Debug|Any CPU = Debug|Any CPU
		Release|Any CPU = Release|Any CPU
	EndGlobalSection
	GlobalSection(ProjectConfigurationPlatforms) = postSolution
		{FD772AB7-094A-4732-8531-B7C1783BDA1C}.Debug|Any CPU.ActiveCfg = Debug|Any CPU
		{FD772AB7-094A-4732-8531-B7C1783BDA1C}.Debug|Any CPU.Build.0 = Debug|Any CPU
		{FD772AB7-094A-4732-8531-B7C1783BDA1C}.Release|Any CPU.ActiveCfg = Release|Any CPU
		{FD772AB7-094A-4732-8531-B7C1783BDA1C}.Release|Any CPU.Build.0 = Release|Any CPU
	EndGlobalSection
	GlobalSection(SolutionProperties) = preSolution
		HideSolutionNode = FALSE
	EndGlobalSection
	GlobalSection(ExtensibilityGlobals) = postSolution
		SolutionGuid = {595DE182-7152-41B1-A578-0941676AB31F}
	EndGlobalSection
EndGlobal
